{
  "version": 4,
  "terraform_version": "1.3.9",
  "serial": 5,
  "lineage": "7264eac3-d5e3-0dce-a258-ffadeae2776e",
  "outputs": {
    "external_ip_address_vm_1": {
      "value": "158.160.59.13",
      "type": "string"
    },
    "internal_ip_address_vm_1": {
      "value": "192.168.10.34",
      "type": "string"
    }
  },
  "resources": [
    {
      "mode": "data",
      "type": "yandex_compute_image",
      "name": "my_image",
      "provider": "provider[\"registry.terraform.io/yandex-cloud/yandex\"]",
      "instances": [
        {
          "schema_version": 0,
          "attributes": {
            "created_at": "2023-01-09T10:49:20Z",
            "description": "LEMP",
            "family": "lemp",
            "folder_id": "standard-images",
            "id": "fd8movi7o1ofl59h1uu9",
            "image_id": "fd8movi7o1ofl59h1uu9",
            "labels": {},
            "min_disk_size": 3,
            "name": "lemp-v20230109",
            "os_type": "linux",
            "pooled": true,
            "product_ids": [
              "f2e3bo50qgpojmcrjc24",
              "f2ecuahc0uu2hkanviqk"
            ],
            "size": 2,
            "status": "ready"
          },
          "sensitive_attributes": []
        }
      ]
    },
    {
      "mode": "managed",
      "type": "yandex_compute_instance",
      "name": "vm-1",
      "provider": "provider[\"registry.terraform.io/yandex-cloud/yandex\"]",
      "instances": [
        {
          "schema_version": 1,
          "attributes": {
            "allow_recreate": null,
            "allow_stopping_for_update": null,
            "boot_disk": [
              {
                "auto_delete": true,
                "device_name": "fhmf9goqm4eh85q8ftio",
                "disk_id": "fhmf9goqm4eh85q8ftio",
                "initialize_params": [
                  {
                    "block_size": 4096,
                    "description": "",
                    "image_id": "fd8movi7o1ofl59h1uu9",
                    "name": "",
                    "size": 3,
                    "snapshot_id": "",
                    "type": "network-hdd"
                  }
                ],
                "mode": "READ_WRITE"
              }
            ],
            "created_at": "2023-02-28T16:31:06Z",
            "description": "",
            "filesystem": [],
            "folder_id": "b1g3v95jc7takhl2hhpa",
            "fqdn": "fhmc1j5tam467i9ap836.auto.internal",
            "hostname": "",
            "id": "fhmc1j5tam467i9ap836",
            "labels": null,
            "local_disk": [],
            "metadata": {
              "ssh-keys": "ubuntu:ssh-rsa AAAAB3NzaC1yc2EAAAADAQABAAABgQDIt3r0RWkn1zoUjkfti96mt+QwX1Dz3kEBxv2pb+bpB7GEDlUrpZnwNl2wH0UiJpNTo7ezBoryte2sjky82+rjL8UB83sRos9wImAnmSGGRQaZUOUBdv+cDyiq68DpBG7Ktg8WuCQgC2GQP54eedGQhx3MnShBZFi7/Us+qDHg0mbAGnLqK0IvGcyHVPd7H0gatiWb2BxJmOfLdLjjGNsjxI9Lq3x1KzRwl8MXUY8X20txi3JKKccJgkkc3IhxIzCrxKR5xZG67UeyEsJvALu9UUVO+21b7Sb1H/zkgZO4npjtqF1OKi8t7M6Fn8MpVnXwi68pAIih4xO+DCd1035zDvgbvDyjbxogCRVQ/acXa+Za9y1yjT8BMYHiNQUkNK9fI29otLaW/AcfSkUxp8SHgNrV+XSDzGqYK3vQQQTPk3CfG97S0hzMgU3O7vOwYphIyF2qzJEOodRO8W6Io+mrEGC2mUOoZxlNE1r7Q08o/z+QcCmWMUcXnXQfkR7gfKU= belousdv@M2-belous\n"
            },
            "metadata_options": [
              {
                "aws_v1_http_endpoint": 1,
                "aws_v1_http_token": 2,
                "gce_http_endpoint": 1,
                "gce_http_token": 1
              }
            ],
            "name": "b5-3-7",
            "network_acceleration_type": "standard",
            "network_interface": [
              {
                "dns_record": [],
                "index": 0,
                "ip_address": "192.168.10.34",
                "ipv4": true,
                "ipv6": false,
                "ipv6_address": "",
                "ipv6_dns_record": [],
                "mac_address": "d0:0d:c0:cc:bd:55",
                "nat": true,
                "nat_dns_record": [],
                "nat_ip_address": "158.160.59.13",
                "nat_ip_version": "IPV4",
                "security_group_ids": [],
                "subnet_id": "e9b536h7t1jig0rn4gdm"
              }
            ],
            "placement_policy": [
              {
                "host_affinity_rules": [],
                "placement_group_id": ""
              }
            ],
            "platform_id": "standard-v1",
            "resources": [
              {
                "core_fraction": 100,
                "cores": 2,
                "gpus": 0,
                "memory": 2
              }
            ],
            "scheduling_policy": [
              {
                "preemptible": false
              }
            ],
            "secondary_disk": [],
            "service_account_id": "",
            "status": "running",
            "timeouts": null,
            "zone": "ru-central1-a"
          },
          "sensitive_attributes": [],
          "private": "eyJlMmJmYjczMC1lY2FhLTExZTYtOGY4OC0zNDM2M2JjN2M0YzAiOnsiY3JlYXRlIjozMDAwMDAwMDAwMDAsImRlbGV0ZSI6MzAwMDAwMDAwMDAwLCJ1cGRhdGUiOjMwMDAwMDAwMDAwMH0sInNjaGVtYV92ZXJzaW9uIjoiMSJ9",
          "dependencies": [
            "data.yandex_compute_image.my_image",
            "yandex_vpc_network.network-1",
            "yandex_vpc_subnet.subnet-1"
          ]
        }
      ]
    },
    {
      "mode": "managed",
      "type": "yandex_vpc_network",
      "name": "network-1",
      "provider": "provider[\"registry.terraform.io/yandex-cloud/yandex\"]",
      "instances": [
        {
          "schema_version": 0,
          "attributes": {
            "created_at": "2023-02-28T16:31:04Z",
            "default_security_group_id": "",
            "description": "My first network",
            "folder_id": "b1g3v95jc7takhl2hhpa",
            "id": "enp41rqdjo37l09s4p74",
            "labels": {},
            "name": "network-1",
            "subnet_ids": [],
            "timeouts": null
          },
          "sensitive_attributes": [],
          "private": "eyJlMmJmYjczMC1lY2FhLTExZTYtOGY4OC0zNDM2M2JjN2M0YzAiOnsiY3JlYXRlIjo2MDAwMDAwMDAwMCwiZGVsZXRlIjo2MDAwMDAwMDAwMCwidXBkYXRlIjo2MDAwMDAwMDAwMH19"
        }
      ]
    },
    {
      "mode": "managed",
      "type": "yandex_vpc_subnet",
      "name": "subnet-1",
      "provider": "provider[\"registry.terraform.io/yandex-cloud/yandex\"]",
      "instances": [
        {
          "schema_version": 0,
          "attributes": {
            "created_at": "2023-02-28T16:31:05Z",
            "description": "",
            "dhcp_options": [],
            "folder_id": "b1g3v95jc7takhl2hhpa",
            "id": "e9b536h7t1jig0rn4gdm",
            "labels": {},
            "name": "subnet1",
            "network_id": "enp41rqdjo37l09s4p74",
            "route_table_id": "",
            "timeouts": null,
            "v4_cidr_blocks": [
              "192.168.10.0/24"
            ],
            "v6_cidr_blocks": [],
            "zone": "ru-central1-a"
          },
          "sensitive_attributes": [],
          "private": "eyJlMmJmYjczMC1lY2FhLTExZTYtOGY4OC0zNDM2M2JjN2M0YzAiOnsiY3JlYXRlIjoxODAwMDAwMDAwMDAsImRlbGV0ZSI6MTgwMDAwMDAwMDAwLCJ1cGRhdGUiOjE4MDAwMDAwMDAwMH19",
          "dependencies": [
            "yandex_vpc_network.network-1"
          ]
        }
      ]
    }
  ],
  "check_results": null
}
